
Microsoft Visual Studio Solution File, Format Version 12.00
# Visual Studio Version 17
VisualStudioVersion = 17.4.33110.190
MinimumVisualStudioVersion = 10.0.40219.1
Project("{FAE04EC0-301F-11D3-BF4B-00C04F79EFBC}") = "testexam", "testexam\testexam.csproj", "{755DBEA7-0A89-4498-AC8F-B1774F66704A}"
EndProject
Global
	GlobalSection(SolutionConfigurationPlatforms) = preSolution
		Debug|Any CPU = Debug|Any CPU
		Release|Any CPU = Release|Any CPU
	EndGlobalSection
	GlobalSection(ProjectConfigurationPlatforms) = postSolution
		{755DBEA7-0A89-4498-AC8F-B1774F66704A}.Debug|Any CPU.ActiveCfg = Debug|Any CPU
		{755DBEA7-0A89-4498-AC8F-B1774F66704A}.Debug|Any CPU.Build.0 = Debug|Any CPU
		{755DBEA7-0A89-4498-AC8F-B1774F66704A}.Release|Any CPU.ActiveCfg = Release|Any CPU
		{755DBEA7-0A89-4498-AC8F-B1774F66704A}.Release|Any CPU.Build.0 = Release|Any CPU
	EndGlobalSection
	GlobalSection(SolutionProperties) = preSolution
		HideSolutionNode = FALSE
	EndGlobalSection
	GlobalSection(ExtensibilityGlobals) = postSolution
		SolutionGuid = {41F4CD1D-1B9D-4317-8A7C-88B8F3050957}
	EndGlobalSection
EndGlobal
